PODS:
  - Alamofire (5.6.4)
  - youtube-ios-player-helper-swift (1.1)

DEPENDENCIES:
  - Alamofire
  - youtube-ios-player-helper-swift

SPEC REPOS:
  trunk:
    - Alamofire
    - youtube-ios-player-helper-swift

SPEC CHECKSUMS:
  Alamofire: 4e95d97098eacb88856099c4fc79b526a299e48c
  youtube-ios-player-helper-swift: 51a3c5325317c8271d0c7985c1bbe5a252ffb2fd

PODFILE CHECKSUM: 659594215055f0544a351aa39a7112032a915eaa

COCOAPODS: 1.11.3
